
Microsoft Visual Studio Solution File, Format Version 12.00
# Visual Studio Version 17
VisualStudioVersion = 17.10.35122.118
MinimumVisualStudioVersion = 10.0.40219.1
Project("{2150E333-8FDC-42A3-9474-1A3956D46DE8}") = "Services", "Services", "{FF2D47BC-06A4-403E-821D-3F99F30244CE}"
EndProject
Project("{2150E333-8FDC-42A3-9474-1A3956D46DE8}") = "Catalog", "Catalog", "{23D7DDA9-03DF-44E0-AB86-33A0C733BE35}"
EndProject
Project("{9A19103F-16F7-4668-BE54-9A1E7A4F7556}") = "Services.Catalog.API", "Services\Catalog\Services.Catalog.API\Services.Catalog.API.csproj", "{857AED59-4F2F-4CD9-8A7C-CFFC8935418E}"
EndProject
Project("{2150E333-8FDC-42A3-9474-1A3956D46DE8}") = "Shared", "Shared", "{F36773C9-E692-46FB-81BE-AEECFB977F91}"
EndProject
Project("{9A19103F-16F7-4668-BE54-9A1E7A4F7556}") = "Shared", "Shared\Shared\Shared.csproj", "{CB2311B8-A6F5-425A-A113-D8E3B0D3A035}"
EndProject
Project("{2150E333-8FDC-42A3-9474-1A3956D46DE8}") = "IdentityServer", "IdentityServer", "{901CEAA3-CC27-459B-84A7-836E79977F07}"
EndProject
Project("{9A19103F-16F7-4668-BE54-9A1E7A4F7556}") = "IdentityServer", "IdentityServer\IdentityServer.csproj", "{418B8DE3-B527-4D47-B991-5F217B7F2274}"
EndProject
Project("{2150E333-8FDC-42A3-9474-1A3956D46DE8}") = "PhotoStock", "PhotoStock", "{244E4ADD-FDE9-4E3E-BD5C-DD3322E5D2EC}"
EndProject
Project("{9A19103F-16F7-4668-BE54-9A1E7A4F7556}") = "Services.PhotoStock.API", "Services\PhotoStock\PhotoStock.API\Services.PhotoStock.API.csproj", "{61BB006F-A884-4DCE-9DD0-18E696E0C2AD}"
EndProject
Project("{2150E333-8FDC-42A3-9474-1A3956D46DE8}") = "Solution Items", "Solution Items", "{699E1A19-CFFD-4DDC-A162-12CAFA5CAC10}"
	ProjectSection(SolutionItems) = preProject
		SolutionItems\Ports.txt = SolutionItems\Ports.txt
	EndProjectSection
EndProject
Project("{2150E333-8FDC-42A3-9474-1A3956D46DE8}") = "Basket", "Basket", "{7ADFB6B9-E2EF-4FBE-BE7C-BAF46FAB2A65}"
EndProject
Project("{9A19103F-16F7-4668-BE54-9A1E7A4F7556}") = "Services.Basket.API", "Services\Basket\Basket.API\Services.Basket.API.csproj", "{86077248-5FCD-4B5A-BF7C-E510DD605C7F}"
EndProject
Project("{2150E333-8FDC-42A3-9474-1A3956D46DE8}") = "Discount", "Discount", "{CF76E78D-8988-4004-ACE6-49105B4580EC}"
EndProject
Project("{9A19103F-16F7-4668-BE54-9A1E7A4F7556}") = "Services.Discount.API", "Services\Discount\Services.Discount.API\Services.Discount.API.csproj", "{7C6BF293-4703-4291-A431-AB79C9DF0482}"
EndProject
Project("{2150E333-8FDC-42A3-9474-1A3956D46DE8}") = "Order", "Order", "{919391A9-7034-4E86-A191-C45001768C54}"
EndProject
Project("{9A19103F-16F7-4668-BE54-9A1E7A4F7556}") = "Services.Order.API", "Services\Order\Services.Order.API\Services.Order.API.csproj", "{FD0ED2C6-575A-4628-8393-0EE6CFBEBA07}"
EndProject
Project("{9A19103F-16F7-4668-BE54-9A1E7A4F7556}") = "Services.Order.Application", "Services\Order\Services.Order.Application\Services.Order.Application.csproj", "{D1B87C7B-68DC-4E97-9889-4EF01CA1DE89}"
EndProject
Project("{9A19103F-16F7-4668-BE54-9A1E7A4F7556}") = "Services.Order.Domain", "Services\Order\Services.Order.Domain\Services.Order.Domain.csproj", "{B4D37E93-48D3-4CED-B127-18A67B43237E}"
EndProject
Project("{9A19103F-16F7-4668-BE54-9A1E7A4F7556}") = "Services.Order.Domain.Core", "Services\Order\Services.Order.Domain.Core\Services.Order.Domain.Core.csproj", "{B008BB56-468B-433C-80F9-9B75F372DDAE}"
EndProject
Project("{9A19103F-16F7-4668-BE54-9A1E7A4F7556}") = "Services.Order.Infrastructure", "Services\Order\Services.Order.Infrastructure\Services.Order.Infrastructure.csproj", "{08A2DB74-8194-4190-92A0-45B382695C0D}"
EndProject
Project("{2150E333-8FDC-42A3-9474-1A3956D46DE8}") = "FakePayment", "FakePayment", "{8DDA9745-32D9-44E4-8BC7-780C015CD628}"
EndProject
Project("{FAE04EC0-301F-11D3-BF4B-00C04F79EFBC}") = "Services.FakePayment.API", "Services\FakePayment\Services.FakePayment.API\Services.FakePayment.API.csproj", "{29FA019A-8139-4C40-9B9F-B2ECB6EA4260}"
EndProject
Global
	GlobalSection(SolutionConfigurationPlatforms) = preSolution
		Debug|Any CPU = Debug|Any CPU
		Release|Any CPU = Release|Any CPU
	EndGlobalSection
	GlobalSection(ProjectConfigurationPlatforms) = postSolution
		{857AED59-4F2F-4CD9-8A7C-CFFC8935418E}.Debug|Any CPU.ActiveCfg = Debug|Any CPU
		{857AED59-4F2F-4CD9-8A7C-CFFC8935418E}.Debug|Any CPU.Build.0 = Debug|Any CPU
		{857AED59-4F2F-4CD9-8A7C-CFFC8935418E}.Release|Any CPU.ActiveCfg = Release|Any CPU
		{857AED59-4F2F-4CD9-8A7C-CFFC8935418E}.Release|Any CPU.Build.0 = Release|Any CPU
		{CB2311B8-A6F5-425A-A113-D8E3B0D3A035}.Debug|Any CPU.ActiveCfg = Debug|Any CPU
		{CB2311B8-A6F5-425A-A113-D8E3B0D3A035}.Debug|Any CPU.Build.0 = Debug|Any CPU
		{CB2311B8-A6F5-425A-A113-D8E3B0D3A035}.Release|Any CPU.ActiveCfg = Release|Any CPU
		{CB2311B8-A6F5-425A-A113-D8E3B0D3A035}.Release|Any CPU.Build.0 = Release|Any CPU
		{418B8DE3-B527-4D47-B991-5F217B7F2274}.Debug|Any CPU.ActiveCfg = Debug|Any CPU
		{418B8DE3-B527-4D47-B991-5F217B7F2274}.Debug|Any CPU.Build.0 = Debug|Any CPU
		{418B8DE3-B527-4D47-B991-5F217B7F2274}.Release|Any CPU.ActiveCfg = Release|Any CPU
		{418B8DE3-B527-4D47-B991-5F217B7F2274}.Release|Any CPU.Build.0 = Release|Any CPU
		{61BB006F-A884-4DCE-9DD0-18E696E0C2AD}.Debug|Any CPU.ActiveCfg = Debug|Any CPU
		{61BB006F-A884-4DCE-9DD0-18E696E0C2AD}.Debug|Any CPU.Build.0 = Debug|Any CPU
		{61BB006F-A884-4DCE-9DD0-18E696E0C2AD}.Release|Any CPU.ActiveCfg = Release|Any CPU
		{61BB006F-A884-4DCE-9DD0-18E696E0C2AD}.Release|Any CPU.Build.0 = Release|Any CPU
		{86077248-5FCD-4B5A-BF7C-E510DD605C7F}.Debug|Any CPU.ActiveCfg = Debug|Any CPU
		{86077248-5FCD-4B5A-BF7C-E510DD605C7F}.Debug|Any CPU.Build.0 = Debug|Any CPU
		{86077248-5FCD-4B5A-BF7C-E510DD605C7F}.Release|Any CPU.ActiveCfg = Release|Any CPU
		{86077248-5FCD-4B5A-BF7C-E510DD605C7F}.Release|Any CPU.Build.0 = Release|Any CPU
		{7C6BF293-4703-4291-A431-AB79C9DF0482}.Debug|Any CPU.ActiveCfg = Debug|Any CPU
		{7C6BF293-4703-4291-A431-AB79C9DF0482}.Debug|Any CPU.Build.0 = Debug|Any CPU
		{7C6BF293-4703-4291-A431-AB79C9DF0482}.Release|Any CPU.ActiveCfg = Release|Any CPU
		{7C6BF293-4703-4291-A431-AB79C9DF0482}.Release|Any CPU.Build.0 = Release|Any CPU
		{FD0ED2C6-575A-4628-8393-0EE6CFBEBA07}.Debug|Any CPU.ActiveCfg = Debug|Any CPU
		{FD0ED2C6-575A-4628-8393-0EE6CFBEBA07}.Debug|Any CPU.Build.0 = Debug|Any CPU
		{FD0ED2C6-575A-4628-8393-0EE6CFBEBA07}.Release|Any CPU.ActiveCfg = Release|Any CPU
		{FD0ED2C6-575A-4628-8393-0EE6CFBEBA07}.Release|Any CPU.Build.0 = Release|Any CPU
		{D1B87C7B-68DC-4E97-9889-4EF01CA1DE89}.Debug|Any CPU.ActiveCfg = Debug|Any CPU
		{D1B87C7B-68DC-4E97-9889-4EF01CA1DE89}.Debug|Any CPU.Build.0 = Debug|Any CPU
		{D1B87C7B-68DC-4E97-9889-4EF01CA1DE89}.Release|Any CPU.ActiveCfg = Release|Any CPU
		{D1B87C7B-68DC-4E97-9889-4EF01CA1DE89}.Release|Any CPU.Build.0 = Release|Any CPU
		{B4D37E93-48D3-4CED-B127-18A67B43237E}.Debug|Any CPU.ActiveCfg = Debug|Any CPU
		{B4D37E93-48D3-4CED-B127-18A67B43237E}.Debug|Any CPU.Build.0 = Debug|Any CPU
		{B4D37E93-48D3-4CED-B127-18A67B43237E}.Release|Any CPU.ActiveCfg = Release|Any CPU
		{B4D37E93-48D3-4CED-B127-18A67B43237E}.Release|Any CPU.Build.0 = Release|Any CPU
		{B008BB56-468B-433C-80F9-9B75F372DDAE}.Debug|Any CPU.ActiveCfg = Debug|Any CPU
		{B008BB56-468B-433C-80F9-9B75F372DDAE}.Debug|Any CPU.Build.0 = Debug|Any CPU
		{B008BB56-468B-433C-80F9-9B75F372DDAE}.Release|Any CPU.ActiveCfg = Release|Any CPU
		{B008BB56-468B-433C-80F9-9B75F372DDAE}.Release|Any CPU.Build.0 = Release|Any CPU
		{08A2DB74-8194-4190-92A0-45B382695C0D}.Debug|Any CPU.ActiveCfg = Debug|Any CPU
		{08A2DB74-8194-4190-92A0-45B382695C0D}.Debug|Any CPU.Build.0 = Debug|Any CPU
		{08A2DB74-8194-4190-92A0-45B382695C0D}.Release|Any CPU.ActiveCfg = Release|Any CPU
		{08A2DB74-8194-4190-92A0-45B382695C0D}.Release|Any CPU.Build.0 = Release|Any CPU
		{29FA019A-8139-4C40-9B9F-B2ECB6EA4260}.Debug|Any CPU.ActiveCfg = Debug|Any CPU
		{29FA019A-8139-4C40-9B9F-B2ECB6EA4260}.Debug|Any CPU.Build.0 = Debug|Any CPU
		{29FA019A-8139-4C40-9B9F-B2ECB6EA4260}.Release|Any CPU.ActiveCfg = Release|Any CPU
		{29FA019A-8139-4C40-9B9F-B2ECB6EA4260}.Release|Any CPU.Build.0 = Release|Any CPU
	EndGlobalSection
	GlobalSection(SolutionProperties) = preSolution
		HideSolutionNode = FALSE
	EndGlobalSection
	GlobalSection(NestedProjects) = preSolution
		{23D7DDA9-03DF-44E0-AB86-33A0C733BE35} = {FF2D47BC-06A4-403E-821D-3F99F30244CE}
		{857AED59-4F2F-4CD9-8A7C-CFFC8935418E} = {23D7DDA9-03DF-44E0-AB86-33A0C733BE35}
		{CB2311B8-A6F5-425A-A113-D8E3B0D3A035} = {F36773C9-E692-46FB-81BE-AEECFB977F91}
		{418B8DE3-B527-4D47-B991-5F217B7F2274} = {901CEAA3-CC27-459B-84A7-836E79977F07}
		{244E4ADD-FDE9-4E3E-BD5C-DD3322E5D2EC} = {FF2D47BC-06A4-403E-821D-3F99F30244CE}
		{61BB006F-A884-4DCE-9DD0-18E696E0C2AD} = {244E4ADD-FDE9-4E3E-BD5C-DD3322E5D2EC}
		{7ADFB6B9-E2EF-4FBE-BE7C-BAF46FAB2A65} = {FF2D47BC-06A4-403E-821D-3F99F30244CE}
		{86077248-5FCD-4B5A-BF7C-E510DD605C7F} = {7ADFB6B9-E2EF-4FBE-BE7C-BAF46FAB2A65}
		{CF76E78D-8988-4004-ACE6-49105B4580EC} = {FF2D47BC-06A4-403E-821D-3F99F30244CE}
		{7C6BF293-4703-4291-A431-AB79C9DF0482} = {CF76E78D-8988-4004-ACE6-49105B4580EC}
		{919391A9-7034-4E86-A191-C45001768C54} = {FF2D47BC-06A4-403E-821D-3F99F30244CE}
		{FD0ED2C6-575A-4628-8393-0EE6CFBEBA07} = {919391A9-7034-4E86-A191-C45001768C54}
		{D1B87C7B-68DC-4E97-9889-4EF01CA1DE89} = {919391A9-7034-4E86-A191-C45001768C54}
		{B4D37E93-48D3-4CED-B127-18A67B43237E} = {919391A9-7034-4E86-A191-C45001768C54}
		{B008BB56-468B-433C-80F9-9B75F372DDAE} = {919391A9-7034-4E86-A191-C45001768C54}
		{08A2DB74-8194-4190-92A0-45B382695C0D} = {919391A9-7034-4E86-A191-C45001768C54}
		{8DDA9745-32D9-44E4-8BC7-780C015CD628} = {FF2D47BC-06A4-403E-821D-3F99F30244CE}
		{29FA019A-8139-4C40-9B9F-B2ECB6EA4260} = {8DDA9745-32D9-44E4-8BC7-780C015CD628}
	EndGlobalSection
	GlobalSection(ExtensibilityGlobals) = postSolution
		SolutionGuid = {FEB87752-2BB7-4921-AD18-A5A5FE0A138B}
	EndGlobalSection
EndGlobal
